
Microsoft Visual Studio Solution File, Format Version 12.00
# Visual Studio Version 16
VisualStudioVersion = 16.0.30413.136
MinimumVisualStudioVersion = 10.0.40219.1
Project("{FAE04EC0-301F-11D3-BF4B-00C04F79EFBC}") = "CodeGen", "CodeGen\CodeGen.csproj", "{D440500A-D20D-428A-BE2B-F0CB708DA534}"
EndProject
Global
	GlobalSection(SolutionConfigurationPlatforms) = preSolution
		Debug|Any CPU = Debug|Any CPU
		Release|Any CPU = Release|Any CPU
	EndGlobalSection
	GlobalSection(ProjectConfigurationPlatforms) = postSolution
		{D440500A-D20D-428A-BE2B-F0CB708DA534}.Debug|Any CPU.ActiveCfg = Debug|Any CPU
		{D440500A-D20D-428A-BE2B-F0CB708DA534}.Debug|Any CPU.Build.0 = Debug|Any CPU
		{D440500A-D20D-428A-BE2B-F0CB708DA534}.Release|Any CPU.ActiveCfg = Release|Any CPU
		{D440500A-D20D-428A-BE2B-F0CB708DA534}.Release|Any CPU.Build.0 = Release|Any CPU
	EndGlobalSection
	GlobalSection(SolutionProperties) = preSolution
		HideSolutionNode = FALSE
	EndGlobalSection
	GlobalSection(ExtensibilityGlobals) = postSolution
		SolutionGuid = {B7750CA9-0E2B-4B53-9CDB-141E241A1DA8}
	EndGlobalSection
EndGlobal
